
Microsoft Visual Studio Solution File, Format Version 12.00
# Visual Studio Version 16
VisualStudioVersion = 16.0.29905.134
MinimumVisualStudioVersion = 10.0.40219.1
Project("{FAE04EC0-301F-11D3-BF4B-00C04F79EFBC}") = "VisualSortingAlg", "VisualSortingAlg\VisualSortingAlg.csproj", "{5879D385-FB3C-4601-83A6-80E5C8B6A88B}"
EndProject
Global
	GlobalSection(SolutionConfigurationPlatforms) = preSolution
		Debug|Any CPU = Debug|Any CPU
		Release|Any CPU = Release|Any CPU
	EndGlobalSection
	GlobalSection(ProjectConfigurationPlatforms) = postSolution
		{5879D385-FB3C-4601-83A6-80E5C8B6A88B}.Debug|Any CPU.ActiveCfg = Debug|Any CPU
		{5879D385-FB3C-4601-83A6-80E5C8B6A88B}.Debug|Any CPU.Build.0 = Debug|Any CPU
		{5879D385-FB3C-4601-83A6-80E5C8B6A88B}.Release|Any CPU.ActiveCfg = Release|Any CPU
		{5879D385-FB3C-4601-83A6-80E5C8B6A88B}.Release|Any CPU.Build.0 = Release|Any CPU
	EndGlobalSection
	GlobalSection(SolutionProperties) = preSolution
		HideSolutionNode = FALSE
	EndGlobalSection
	GlobalSection(ExtensibilityGlobals) = postSolution
		SolutionGuid = {808402F2-A176-4921-81DB-6E78A16F31F6}
	EndGlobalSection
EndGlobal
